--- 
dependencies: 
  dm-validations: 
    group: 
    - :db
    version: ">= 1.0"
  http_router: 
    group: 
    - :core
    version: ">= 0.3.3"
  rake: 
    group: 
    - :development
    version: ">= 0.8.7"
  haml: 
    group: 
    - :development
    version: ">= 2.2.22"
  shoulda: 
    group: 
    - :development
    version: ">= 2.10.3"
  thor: 
    group: 
    - :core
    version: ">= 0.13.0"
  dm-aggregates: 
    group: 
    - :db
    version: ">= 1.0"
  dm-core: 
    group: 
    - :db
    version: ">= 1.0"
  mail: 
    group: 
    - :mailer
    version: ">= 2.2.0"
  webrat: 
    group: 
    - :development
    version: ">= 0.5.1"
  mocha: 
    group: 
    - :development
    version: ">= 0.9.8"
  sinatra: 
    group: 
    - :cache
    version: ">= 0.9.2"
  dm-sqlite-adapter: 
    group: 
    - :db
    version: ">= 1.0"
  bundler: 
    group: 
    - :gen
    version: ">= 0.9.7"
  i18n: 
    group: 
    - :helpers
    version: ">= 0.4.1"
  rack-test: 
    group: 
    - :development
    version: ">= 0.5.0"
  activesupport: 
    group: 
    - :core
    version: ">= 2.3.8"
    require: []

  builder: 
    group: 
    - :other
    version: ">= 2.1.2"
  dm-migrations: 
    group: 
    - :db
    version: ">= 1.0"
specs: 
- rake: 
    version: 0.8.7
- activesupport: 
    version: 2.3.8
- addressable: 
    version: 2.1.2
- builder: 
    version: 2.1.2
- bundler: 
    version: 0.9.26
- data_objects: 
    version: 0.10.2
- extlib: 
    version: 0.9.15
- dm-core: 
    version: 1.0.0
- dm-aggregates: 
    version: 1.0.0
- dm-do-adapter: 
    version: 1.0.0
- dm-migrations: 
    version: 1.0.0
- do_sqlite3: 
    version: 0.10.2
- dm-sqlite-adapter: 
    version: 1.0.0
- dm-validations: 
    version: 1.0.0
- haml: 
    version: 3.0.13
- rack: 
    version: 1.2.1
- url_mount: 
    version: 0.2.1
- http_router: 
    version: 0.3.3
- i18n: 
    version: 0.4.1
- mime-types: 
    version: "1.16"
- polyglot: 
    version: 0.3.1
- treetop: 
    version: 1.4.8
- mail: 
    version: 2.2.5
- mocha: 
    version: 0.9.8
- nokogiri: 
    version: 1.4.2
- rack-test: 
    version: 0.5.4
- shoulda: 
    version: 2.11.1
- sinatra: 
    version: "1.0"
- thor: 
    version: 0.13.7
- webrat: 
    version: 0.7.1
hash: ddb36061a6b6eafd860579c2114135a6d9528153
sources: 
- Rubygems: 
    uri: http://gemcutter.org
